
Microsoft Visual Studio Solution File, Format Version 12.00
# Visual Studio Version 17
VisualStudioVersion = 17.4.33213.308
MinimumVisualStudioVersion = 10.0.40219.1
Project("{FAE04EC0-301F-11D3-BF4B-00C04F79EFBC}") = "Practica1Burciaga", "Practica1Burciaga\Practica1Burciaga.csproj", "{2139BA15-8145-4EAB-A067-36B7D011BBF5}"
EndProject
Global
	GlobalSection(SolutionConfigurationPlatforms) = preSolution
		Debug|Any CPU = Debug|Any CPU
		Release|Any CPU = Release|Any CPU
	EndGlobalSection
	GlobalSection(ProjectConfigurationPlatforms) = postSolution
		{2139BA15-8145-4EAB-A067-36B7D011BBF5}.Debug|Any CPU.ActiveCfg = Debug|Any CPU
		{2139BA15-8145-4EAB-A067-36B7D011BBF5}.Debug|Any CPU.Build.0 = Debug|Any CPU
		{2139BA15-8145-4EAB-A067-36B7D011BBF5}.Release|Any CPU.ActiveCfg = Release|Any CPU
		{2139BA15-8145-4EAB-A067-36B7D011BBF5}.Release|Any CPU.Build.0 = Release|Any CPU
	EndGlobalSection
	GlobalSection(SolutionProperties) = preSolution
		HideSolutionNode = FALSE
	EndGlobalSection
	GlobalSection(ExtensibilityGlobals) = postSolution
		SolutionGuid = {ABF29EF0-6834-47BF-A655-7EBD8DE198C3}
	EndGlobalSection
EndGlobal
